<?xml version="1.0" encoding="UTF-8"?>
<Solution>
	<Configurations>
		<BuildType Name="Debug"/>
		<BuildType Name="Release"/>
		<BuildType Name="MinSizeRel"/>
		<BuildType Name="RelWithDebInfo"/>
		<Platform Name="x64"/>
	</Configurations>
	<Project Path="ALL_BUILD.vcxproj" Type="8bc9ceb8-8b4a-11d0-8d11-00a0c91bc942" Id="1f43a8c2-69b3-3b08-b8cf-26a824562705" DefaultStartup="true">
		<BuildDependency Project="ZERO_CHECK.vcxproj"/>
		<BuildDependency Project="apps/ball-sim/ball-sim.vcxproj"/>
		<BuildDependency Project="libs/physics/physics.vcxproj"/>
		<BuildDependency Project="libs/render/render.vcxproj"/>
	</Project>
	<Project Path="INSTALL.vcxproj" Type="8bc9ceb8-8b4a-11d0-8d11-00a0c91bc942" Id="21b18024-8beb-3b64-a25f-18d9c0dbfe33">
		<BuildDependency Project="ALL_BUILD.vcxproj"/>
		<BuildDependency Project="ZERO_CHECK.vcxproj"/>
		<Build Solution="Debug|*" Project="false"/>
		<Build Solution="Release|*" Project="false"/>
		<Build Solution="MinSizeRel|*" Project="false"/>
		<Build Solution="RelWithDebInfo|*" Project="false"/>
	</Project>
	<Project Path="ZERO_CHECK.vcxproj" Type="8bc9ceb8-8b4a-11d0-8d11-00a0c91bc942" Id="4443268a-6fc4-3d86-ad5b-0c9a426cf64d"/>
	<Project Path="apps/ball-sim/ball-sim.vcxproj" Type="8bc9ceb8-8b4a-11d0-8d11-00a0c91bc942" Id="2c824ca5-de22-320c-99ab-558a28f71db5">
		<BuildDependency Project="ZERO_CHECK.vcxproj"/>
		<BuildDependency Project="libs/physics/physics.vcxproj"/>
		<BuildDependency Project="libs/render/render.vcxproj"/>
	</Project>
	<Project Path="libs/physics/physics.vcxproj" Type="8bc9ceb8-8b4a-11d0-8d11-00a0c91bc942" Id="78a50d85-65a0-3fef-8178-9e63ba45b8f4">
		<BuildDependency Project="ZERO_CHECK.vcxproj"/>
	</Project>
	<Project Path="libs/render/render.vcxproj" Type="8bc9ceb8-8b4a-11d0-8d11-00a0c91bc942" Id="35f16181-0184-3bc5-b31d-0710d4e942f2">
		<BuildDependency Project="ZERO_CHECK.vcxproj"/>
	</Project>
</Solution>
